
Microsoft Visual Studio Solution File, Format Version 12.00
# Visual Studio Version 16
VisualStudioVersion = 16.0.30804.86
MinimumVisualStudioVersion = 10.0.40219.1
Project("{FAE04EC0-301F-11D3-BF4B-00C04F79EFBC}") = "GrillaInfografía", "GrillaInfografía\GrillaInfografía.csproj", "{394EBF6E-9242-4D97-BC58-208501748FD2}"
EndProject
Global
	GlobalSection(SolutionConfigurationPlatforms) = preSolution
		Debug|Any CPU = Debug|Any CPU
		Release|Any CPU = Release|Any CPU
	EndGlobalSection
	GlobalSection(ProjectConfigurationPlatforms) = postSolution
		{394EBF6E-9242-4D97-BC58-208501748FD2}.Debug|Any CPU.ActiveCfg = Debug|Any CPU
		{394EBF6E-9242-4D97-BC58-208501748FD2}.Debug|Any CPU.Build.0 = Debug|Any CPU
		{394EBF6E-9242-4D97-BC58-208501748FD2}.Release|Any CPU.ActiveCfg = Release|Any CPU
		{394EBF6E-9242-4D97-BC58-208501748FD2}.Release|Any CPU.Build.0 = Release|Any CPU
	EndGlobalSection
	GlobalSection(SolutionProperties) = preSolution
		HideSolutionNode = FALSE
	EndGlobalSection
	GlobalSection(ExtensibilityGlobals) = postSolution
		SolutionGuid = {1EDA91E8-EA34-4081-8F75-1576C296D3CD}
	EndGlobalSection
EndGlobal
